
Microsoft Visual Studio Solution File, Format Version 12.00
# Visual Studio 15
VisualStudioVersion = 15.0.28010.2016
MinimumVisualStudioVersion = 10.0.40219.1
Project("{888888A0-9F3D-457C-B088-3A5042F75D52}") = "BankAccountApp", "BankAccountApp\BankAccountApp.pyproj", "{38A78A09-ED5C-481C-8BE2-D3B4DE6B7CAE}"
EndProject
Global
	GlobalSection(SolutionConfigurationPlatforms) = preSolution
		Debug|Any CPU = Debug|Any CPU
		Release|Any CPU = Release|Any CPU
	EndGlobalSection
	GlobalSection(ProjectConfigurationPlatforms) = postSolution
		{38A78A09-ED5C-481C-8BE2-D3B4DE6B7CAE}.Debug|Any CPU.ActiveCfg = Debug|Any CPU
		{38A78A09-ED5C-481C-8BE2-D3B4DE6B7CAE}.Release|Any CPU.ActiveCfg = Release|Any CPU
	EndGlobalSection
	GlobalSection(SolutionProperties) = preSolution
		HideSolutionNode = FALSE
	EndGlobalSection
	GlobalSection(ExtensibilityGlobals) = postSolution
		SolutionGuid = {4F022572-86FE-4941-A49C-2D891D8C458C}
	EndGlobalSection
EndGlobal
